
Microsoft Visual Studio Solution File, Format Version 12.00
# Visual Studio Version 17
VisualStudioVersion = 17.4.33110.190
MinimumVisualStudioVersion = 10.0.40219.1
Project("{FAE04EC0-301F-11D3-BF4B-00C04F79EFBC}") = "GetYourInsuranceQuote", "GetYourInsuranceQuote\GetYourInsuranceQuote.csproj", "{BDD6E957-5054-4961-B0DA-E466131C59D6}"
EndProject
Global
	GlobalSection(SolutionConfigurationPlatforms) = preSolution
		Debug|Any CPU = Debug|Any CPU
		Release|Any CPU = Release|Any CPU
	EndGlobalSection
	GlobalSection(ProjectConfigurationPlatforms) = postSolution
		{BDD6E957-5054-4961-B0DA-E466131C59D6}.Debug|Any CPU.ActiveCfg = Debug|Any CPU
		{BDD6E957-5054-4961-B0DA-E466131C59D6}.Debug|Any CPU.Build.0 = Debug|Any CPU
		{BDD6E957-5054-4961-B0DA-E466131C59D6}.Release|Any CPU.ActiveCfg = Release|Any CPU
		{BDD6E957-5054-4961-B0DA-E466131C59D6}.Release|Any CPU.Build.0 = Release|Any CPU
	EndGlobalSection
	GlobalSection(SolutionProperties) = preSolution
		HideSolutionNode = FALSE
	EndGlobalSection
	GlobalSection(ExtensibilityGlobals) = postSolution
		SolutionGuid = {86C57565-3946-4631-8D07-ECE71D52D033}
	EndGlobalSection
EndGlobal
